
Microsoft Visual Studio Solution File, Format Version 12.00
# Visual Studio Version 17
VisualStudioVersion = 17.11.35312.102
MinimumVisualStudioVersion = 10.0.40219.1
Project("{FAE04EC0-301F-11D3-BF4B-00C04F79EFBC}") = "BT1", "ConsoleApp1\BT1.csproj", "{1ED684D0-1FBF-44D8-AAF9-C9387FD06B04}"
EndProject
Global
	GlobalSection(SolutionConfigurationPlatforms) = preSolution
		Debug|Any CPU = Debug|Any CPU
		Release|Any CPU = Release|Any CPU
	EndGlobalSection
	GlobalSection(ProjectConfigurationPlatforms) = postSolution
		{1ED684D0-1FBF-44D8-AAF9-C9387FD06B04}.Debug|Any CPU.ActiveCfg = Debug|Any CPU
		{1ED684D0-1FBF-44D8-AAF9-C9387FD06B04}.Debug|Any CPU.Build.0 = Debug|Any CPU
		{1ED684D0-1FBF-44D8-AAF9-C9387FD06B04}.Release|Any CPU.ActiveCfg = Release|Any CPU
		{1ED684D0-1FBF-44D8-AAF9-C9387FD06B04}.Release|Any CPU.Build.0 = Release|Any CPU
	EndGlobalSection
	GlobalSection(SolutionProperties) = preSolution
		HideSolutionNode = FALSE
	EndGlobalSection
	GlobalSection(ExtensibilityGlobals) = postSolution
		SolutionGuid = {22FA9961-A7E6-45FA-91CD-A05B014C75FA}
	EndGlobalSection
EndGlobal
